
Microsoft Visual Studio Solution File, Format Version 12.00
# Visual Studio 14
VisualStudioVersion = 14.0.25420.1
MinimumVisualStudioVersion = 10.0.40219.1
Project("{FAE04EC0-301F-11D3-BF4B-00C04F79EFBC}") = "VATMVCAPPFramework.Data", "VATMVCAPPFramework.Data\VATMVCAPPFramework.Data.csproj", "{5E054881-C599-447E-9534-E3F57AED31A1}"
EndProject
Project("{FAE04EC0-301F-11D3-BF4B-00C04F79EFBC}") = "VATMVCAPPFramework", "VATMVCAPPFramework\VATMVCAPPFramework.csproj", "{C47BB7A6-4F25-4E1F-80C0-860810827008}"
EndProject
Project("{FAE04EC0-301F-11D3-BF4B-00C04F79EFBC}") = "VATMVCAPPFramework.Repository", "VATMVCAPPFramework.Repository\VATMVCAPPFramework.Repository.csproj", "{35561ED2-9075-44E1-AB95-6F82AE01B411}"
EndProject
Global
	GlobalSection(SolutionConfigurationPlatforms) = preSolution
		Debug|Any CPU = Debug|Any CPU
		Release|Any CPU = Release|Any CPU
	EndGlobalSection
	GlobalSection(ProjectConfigurationPlatforms) = postSolution
		{5E054881-C599-447E-9534-E3F57AED31A1}.Debug|Any CPU.ActiveCfg = Debug|Any CPU
		{5E054881-C599-447E-9534-E3F57AED31A1}.Debug|Any CPU.Build.0 = Debug|Any CPU
		{5E054881-C599-447E-9534-E3F57AED31A1}.Release|Any CPU.ActiveCfg = Release|Any CPU
		{5E054881-C599-447E-9534-E3F57AED31A1}.Release|Any CPU.Build.0 = Release|Any CPU
		{C47BB7A6-4F25-4E1F-80C0-860810827008}.Debug|Any CPU.ActiveCfg = Debug|Any CPU
		{C47BB7A6-4F25-4E1F-80C0-860810827008}.Debug|Any CPU.Build.0 = Debug|Any CPU
		{C47BB7A6-4F25-4E1F-80C0-860810827008}.Release|Any CPU.ActiveCfg = Release|Any CPU
		{C47BB7A6-4F25-4E1F-80C0-860810827008}.Release|Any CPU.Build.0 = Release|Any CPU
		{35561ED2-9075-44E1-AB95-6F82AE01B411}.Debug|Any CPU.ActiveCfg = Debug|Any CPU
		{35561ED2-9075-44E1-AB95-6F82AE01B411}.Debug|Any CPU.Build.0 = Debug|Any CPU
		{35561ED2-9075-44E1-AB95-6F82AE01B411}.Release|Any CPU.ActiveCfg = Release|Any CPU
		{35561ED2-9075-44E1-AB95-6F82AE01B411}.Release|Any CPU.Build.0 = Release|Any CPU
	EndGlobalSection
	GlobalSection(SolutionProperties) = preSolution
		HideSolutionNode = FALSE
	EndGlobalSection
EndGlobal
